
Microsoft Visual Studio Solution File, Format Version 12.00
# Visual Studio Version 17
VisualStudioVersion = 17.14.37012.4 d17.14
MinimumVisualStudioVersion = 10.0.40219.1
Project("{FAE04EC0-301F-11D3-BF4B-00C04F79EFBC}") = "TP_MODUL4_103022400145", "TP_MODUL4_103022400145\TP_MODUL4_103022400145.csproj", "{4CD7BBBA-B047-47A6-A16E-6A5B57A206BC}"
EndProject
Global
	GlobalSection(SolutionConfigurationPlatforms) = preSolution
		Debug|Any CPU = Debug|Any CPU
		Release|Any CPU = Release|Any CPU
	EndGlobalSection
	GlobalSection(ProjectConfigurationPlatforms) = postSolution
		{4CD7BBBA-B047-47A6-A16E-6A5B57A206BC}.Debug|Any CPU.ActiveCfg = Debug|Any CPU
		{4CD7BBBA-B047-47A6-A16E-6A5B57A206BC}.Debug|Any CPU.Build.0 = Debug|Any CPU
		{4CD7BBBA-B047-47A6-A16E-6A5B57A206BC}.Release|Any CPU.ActiveCfg = Release|Any CPU
		{4CD7BBBA-B047-47A6-A16E-6A5B57A206BC}.Release|Any CPU.Build.0 = Release|Any CPU
	EndGlobalSection
	GlobalSection(SolutionProperties) = preSolution
		HideSolutionNode = FALSE
	EndGlobalSection
	GlobalSection(ExtensibilityGlobals) = postSolution
		SolutionGuid = {38894E1A-30FB-4077-9B84-A9B7F5196472}
	EndGlobalSection
EndGlobal
